
Microsoft Visual Studio Solution File, Format Version 11.00
# Visual Studio 2010
Project("{FAE04EC0-301F-11D3-BF4B-00C04F79EFBC}") = "UnityEngine.UI", "UnityEngine.UI.csproj", "{396101c2-a543-f979-c0c9-bf06b23b7d60}"
EndProject
Project("{FAE04EC0-301F-11D3-BF4B-00C04F79EFBC}") = "UnityEngine.TestRunner", "UnityEngine.TestRunner.csproj", "{bc425a81-7dc9-1eb0-6c89-57eecad90422}"
EndProject
Project("{FAE04EC0-301F-11D3-BF4B-00C04F79EFBC}") = "Unity.Mathematics", "Unity.Mathematics.csproj", "{7a25210c-3df6-a0d4-21a8-06647f439fe9}"
EndProject
Project("{FAE04EC0-301F-11D3-BF4B-00C04F79EFBC}") = "Unity.VisualScripting.State", "Unity.VisualScripting.State.csproj", "{eb32fadf-d3b6-a97c-5a0a-48ce9915152d}"
EndProject
Project("{FAE04EC0-301F-11D3-BF4B-00C04F79EFBC}") = "Unity.VisualScripting.Core", "Unity.VisualScripting.Core.csproj", "{1ecbeaad-c30a-c58e-43f5-01db33eb814b}"
EndProject
Project("{FAE04EC0-301F-11D3-BF4B-00C04F79EFBC}") = "Unity.VisualScripting.Flow", "Unity.VisualScripting.Flow.csproj", "{6fc891bf-8028-5acd-1896-bab6029dc71a}"
EndProject
Project("{FAE04EC0-301F-11D3-BF4B-00C04F79EFBC}") = "UnityEngine.XR.LegacyInputHelpers", "UnityEngine.XR.LegacyInputHelpers.csproj", "{de5a4acf-daab-d427-2254-d362d1480cf6}"
EndProject
Project("{FAE04EC0-301F-11D3-BF4B-00C04F79EFBC}") = "Unity.2D.Animation.Runtime", "Unity.2D.Animation.Runtime.csproj", "{773cac9e-a0f1-3a50-739d-5e1e870f810e}"
EndProject
Project("{FAE04EC0-301F-11D3-BF4B-00C04F79EFBC}") = "Unity.TextMeshPro", "Unity.TextMeshPro.csproj", "{20ec615a-6009-1a12-3988-2c46d9657c12}"
EndProject
Project("{FAE04EC0-301F-11D3-BF4B-00C04F79EFBC}") = "Unity.Timeline", "Unity.Timeline.csproj", "{3c1848b2-88cd-582d-2b63-7d7e16c4d188}"
EndProject
Project("{FAE04EC0-301F-11D3-BF4B-00C04F79EFBC}") = "Unity.2D.SpriteShape.Runtime", "Unity.2D.SpriteShape.Runtime.csproj", "{ceb23b4a-c5ca-2cd5-7bee-8ee353f6c5d2}"
EndProject
Project("{FAE04EC0-301F-11D3-BF4B-00C04F79EFBC}") = "Unity.2D.Animation.Triangle.Runtime", "Unity.2D.Animation.Triangle.Runtime.csproj", "{da11a9aa-6062-c3d6-e11e-9f600320a177}"
EndProject
Project("{FAE04EC0-301F-11D3-BF4B-00C04F79EFBC}") = "Assembly-CSharp", "Assembly-CSharp.csproj", "{7b2257bf-b577-6b37-c518-79e434628b4c}"
EndProject
Project("{FAE04EC0-301F-11D3-BF4B-00C04F79EFBC}") = "Unity.2D.PixelPerfect", "Unity.2D.PixelPerfect.csproj", "{ed107ca2-e8b3-e5d6-3616-71b190b8fbda}"
EndProject
Project("{FAE04EC0-301F-11D3-BF4B-00C04F79EFBC}") = "Unity.2D.IK.Runtime", "Unity.2D.IK.Runtime.csproj", "{194c7ec9-05a4-bf15-c65e-dcaabe5e1bc4}"
EndProject
Project("{FAE04EC0-301F-11D3-BF4B-00C04F79EFBC}") = "Unity.2D.Common.Runtime", "Unity.2D.Common.Runtime.csproj", "{1181cd24-ddef-a5a4-f32b-10f24db1d2a0}"
EndProject
Project("{FAE04EC0-301F-11D3-BF4B-00C04F79EFBC}") = "Unity.InternalAPIEngineBridge.001", "Unity.InternalAPIEngineBridge.001.csproj", "{2af4b53a-be62-e56e-1784-5c33f16222d2}"
EndProject
Project("{FAE04EC0-301F-11D3-BF4B-00C04F79EFBC}") = "UnityEngine.SpatialTracking", "UnityEngine.SpatialTracking.csproj", "{fd1f1a55-bd57-4e11-c0b6-cf868c1ff11b}"
EndProject
Project("{FAE04EC0-301F-11D3-BF4B-00C04F79EFBC}") = "Unity.VisualScripting.Core.Editor", "Unity.VisualScripting.Core.Editor.csproj", "{4152c7f9-f8bc-1d3a-dab8-61b10da45281}"
EndProject
Project("{FAE04EC0-301F-11D3-BF4B-00C04F79EFBC}") = "Unity.VisualStudio.Editor", "Unity.VisualStudio.Editor.csproj", "{1a353d62-055d-894c-4668-461cbfe63fd4}"
EndProject
Project("{FAE04EC0-301F-11D3-BF4B-00C04F79EFBC}") = "Unity.Timeline.Editor", "Unity.Timeline.Editor.csproj", "{d567d43a-21e0-6c16-2392-434e8a646c69}"
EndProject
Project("{FAE04EC0-301F-11D3-BF4B-00C04F79EFBC}") = "Unity.VisualScripting.State.Editor", "Unity.VisualScripting.State.Editor.csproj", "{871bfdd5-8a7a-4414-37e5-983c87f5f2b6}"
EndProject
Project("{FAE04EC0-301F-11D3-BF4B-00C04F79EFBC}") = "Unity.TextMeshPro.Editor", "Unity.TextMeshPro.Editor.csproj", "{3803e614-257b-a9da-fc9c-9a1326dbd21d}"
EndProject
Project("{FAE04EC0-301F-11D3-BF4B-00C04F79EFBC}") = "Unity.2D.Animation.Editor", "Unity.2D.Animation.Editor.csproj", "{2c4dd167-2685-f089-a51f-bba572ac9e72}"
EndProject
Project("{FAE04EC0-301F-11D3-BF4B-00C04F79EFBC}") = "VSSettingsProvider", "VSSettingsProvider.csproj", "{86056252-030d-1285-f61a-29d7565442ee}"
EndProject
Project("{FAE04EC0-301F-11D3-BF4B-00C04F79EFBC}") = "Unity.CollabProxy.Editor", "Unity.CollabProxy.Editor.csproj", "{159ae6d6-dbc1-ac1e-9b05-1905175cb0a1}"
EndProject
Project("{FAE04EC0-301F-11D3-BF4B-00C04F79EFBC}") = "UnityEditor.TestRunner", "UnityEditor.TestRunner.csproj", "{f3b1da7f-9eea-3a95-433a-036ac24ff11b}"
EndProject
Project("{FAE04EC0-301F-11D3-BF4B-00C04F79EFBC}") = "Unity.VisualScripting.Flow.Editor", "Unity.VisualScripting.Flow.Editor.csproj", "{dd400394-bd00-32a8-5e7c-30eb002ff91c}"
EndProject
Project("{FAE04EC0-301F-11D3-BF4B-00C04F79EFBC}") = "Unity.Rider.Editor", "Unity.Rider.Editor.csproj", "{85c89c98-e178-2daf-8801-01aa8ceb982b}"
EndProject
Project("{FAE04EC0-301F-11D3-BF4B-00C04F79EFBC}") = "Unity.2D.Path.Editor", "Unity.2D.Path.Editor.csproj", "{a606432a-11cb-a65a-da4f-2ef628873542}"
EndProject
Project("{FAE04EC0-301F-11D3-BF4B-00C04F79EFBC}") = "PsdPlugin", "PsdPlugin.csproj", "{a54f0c82-d867-97c8-3fe0-7e9cb7794600}"
EndProject
Project("{FAE04EC0-301F-11D3-BF4B-00C04F79EFBC}") = "Unity.2D.IK.Editor", "Unity.2D.IK.Editor.csproj", "{4691d308-11b6-cd1d-5389-55bb830ed269}"
EndProject
Project("{FAE04EC0-301F-11D3-BF4B-00C04F79EFBC}") = "Unity.2D.Psdimporter.Editor", "Unity.2D.Psdimporter.Editor.csproj", "{a8e12b38-5b42-3ae1-3b34-97ac73d65896}"
EndProject
Project("{FAE04EC0-301F-11D3-BF4B-00C04F79EFBC}") = "Unity.2D.SpriteShape.Editor", "Unity.2D.SpriteShape.Editor.csproj", "{5b39b1f8-c99a-8b9f-539f-93fb35d1c42e}"
EndProject
Project("{FAE04EC0-301F-11D3-BF4B-00C04F79EFBC}") = "Unity.SysrootPackage.Editor", "Unity.SysrootPackage.Editor.csproj", "{0bdb7718-4a6b-93d5-8c69-7c64818ee5a2}"
EndProject
Project("{FAE04EC0-301F-11D3-BF4B-00C04F79EFBC}") = "Unity.2D.Tilemap.Editor", "Unity.2D.Tilemap.Editor.csproj", "{22db7b2e-3506-29f7-1ce5-d01742f0d88a}"
EndProject
Project("{FAE04EC0-301F-11D3-BF4B-00C04F79EFBC}") = "Unity.2D.PixelPerfect.Editor", "Unity.2D.PixelPerfect.Editor.csproj", "{55ab0a1c-a91a-eeab-6c15-0870e1190245}"
EndProject
Project("{FAE04EC0-301F-11D3-BF4B-00C04F79EFBC}") = "Unity.VSCode.Editor", "Unity.VSCode.Editor.csproj", "{3d56001a-50e6-cff9-bc75-7f1b139ecf74}"
EndProject
Project("{FAE04EC0-301F-11D3-BF4B-00C04F79EFBC}") = "Unity.Toolchain.Win-x86_64-Linux-x86_64", "Unity.Toolchain.Win-x86_64-Linux-x86_64.csproj", "{b3a9f4e2-4836-7bb3-722a-ead636f2ac14}"
EndProject
Project("{FAE04EC0-301F-11D3-BF4B-00C04F79EFBC}") = "Unity.2D.Sprite.Editor", "Unity.2D.Sprite.Editor.csproj", "{ec2a6c8a-f695-9640-0746-9face88ea69e}"
EndProject
Project("{FAE04EC0-301F-11D3-BF4B-00C04F79EFBC}") = "UnityEditor.UI", "UnityEditor.UI.csproj", "{3890349e-f60e-cacb-2333-c914e91fcc5e}"
EndProject
Project("{FAE04EC0-301F-11D3-BF4B-00C04F79EFBC}") = "UnityEditor.SpatialTracking", "UnityEditor.SpatialTracking.csproj", "{915a9873-72fa-3ea1-d7a4-4192813adf26}"
EndProject
Project("{FAE04EC0-301F-11D3-BF4B-00C04F79EFBC}") = "Unity.Mathematics.Editor", "Unity.Mathematics.Editor.csproj", "{a0dfab7a-afa7-e24d-ca84-cc35374a35a9}"
EndProject
Project("{FAE04EC0-301F-11D3-BF4B-00C04F79EFBC}") = "Unity.2D.Common.Editor", "Unity.2D.Common.Editor.csproj", "{b4356833-597b-5314-08f3-6beec0e0b94f}"
EndProject
Project("{FAE04EC0-301F-11D3-BF4B-00C04F79EFBC}") = "UnityEditor.XR.LegacyInputHelpers", "UnityEditor.XR.LegacyInputHelpers.csproj", "{6f84c97b-d862-ca4a-8781-35254be6f0dd}"
EndProject
Project("{FAE04EC0-301F-11D3-BF4B-00C04F79EFBC}") = "Unity.InternalAPIEditorBridge.001", "Unity.InternalAPIEditorBridge.001.csproj", "{72139f3c-61c5-95e0-4176-d382363daff2}"
EndProject
Project("{FAE04EC0-301F-11D3-BF4B-00C04F79EFBC}") = "Unity.Sysroot.Linux_x86_64", "Unity.Sysroot.Linux_x86_64.csproj", "{b8c91142-c219-2ea0-00f0-95ae1fe3dac9}"
EndProject
Global
	GlobalSection(SolutionConfigurationPlatforms) = preSolution
		Debug|Any CPU = Debug|Any CPU
	EndGlobalSection
	GlobalSection(ProjectConfigurationPlatforms) = postSolution
		{396101c2-a543-f979-c0c9-bf06b23b7d60}.Debug|Any CPU.ActiveCfg = Debug|Any CPU
		{396101c2-a543-f979-c0c9-bf06b23b7d60}.Debug|Any CPU.Build.0 = Debug|Any CPU
		{bc425a81-7dc9-1eb0-6c89-57eecad90422}.Debug|Any CPU.ActiveCfg = Debug|Any CPU
		{bc425a81-7dc9-1eb0-6c89-57eecad90422}.Debug|Any CPU.Build.0 = Debug|Any CPU
		{7a25210c-3df6-a0d4-21a8-06647f439fe9}.Debug|Any CPU.ActiveCfg = Debug|Any CPU
		{7a25210c-3df6-a0d4-21a8-06647f439fe9}.Debug|Any CPU.Build.0 = Debug|Any CPU
		{eb32fadf-d3b6-a97c-5a0a-48ce9915152d}.Debug|Any CPU.ActiveCfg = Debug|Any CPU
		{eb32fadf-d3b6-a97c-5a0a-48ce9915152d}.Debug|Any CPU.Build.0 = Debug|Any CPU
		{1ecbeaad-c30a-c58e-43f5-01db33eb814b}.Debug|Any CPU.ActiveCfg = Debug|Any CPU
		{1ecbeaad-c30a-c58e-43f5-01db33eb814b}.Debug|Any CPU.Build.0 = Debug|Any CPU
		{6fc891bf-8028-5acd-1896-bab6029dc71a}.Debug|Any CPU.ActiveCfg = Debug|Any CPU
		{6fc891bf-8028-5acd-1896-bab6029dc71a}.Debug|Any CPU.Build.0 = Debug|Any CPU
		{de5a4acf-daab-d427-2254-d362d1480cf6}.Debug|Any CPU.ActiveCfg = Debug|Any CPU
		{de5a4acf-daab-d427-2254-d362d1480cf6}.Debug|Any CPU.Build.0 = Debug|Any CPU
		{773cac9e-a0f1-3a50-739d-5e1e870f810e}.Debug|Any CPU.ActiveCfg = Debug|Any CPU
		{773cac9e-a0f1-3a50-739d-5e1e870f810e}.Debug|Any CPU.Build.0 = Debug|Any CPU
		{20ec615a-6009-1a12-3988-2c46d9657c12}.Debug|Any CPU.ActiveCfg = Debug|Any CPU
		{20ec615a-6009-1a12-3988-2c46d9657c12}.Debug|Any CPU.Build.0 = Debug|Any CPU
		{3c1848b2-88cd-582d-2b63-7d7e16c4d188}.Debug|Any CPU.ActiveCfg = Debug|Any CPU
		{3c1848b2-88cd-582d-2b63-7d7e16c4d188}.Debug|Any CPU.Build.0 = Debug|Any CPU
		{ceb23b4a-c5ca-2cd5-7bee-8ee353f6c5d2}.Debug|Any CPU.ActiveCfg = Debug|Any CPU
		{ceb23b4a-c5ca-2cd5-7bee-8ee353f6c5d2}.Debug|Any CPU.Build.0 = Debug|Any CPU
		{da11a9aa-6062-c3d6-e11e-9f600320a177}.Debug|Any CPU.ActiveCfg = Debug|Any CPU
		{da11a9aa-6062-c3d6-e11e-9f600320a177}.Debug|Any CPU.Build.0 = Debug|Any CPU
		{7b2257bf-b577-6b37-c518-79e434628b4c}.Debug|Any CPU.ActiveCfg = Debug|Any CPU
		{7b2257bf-b577-6b37-c518-79e434628b4c}.Debug|Any CPU.Build.0 = Debug|Any CPU
		{ed107ca2-e8b3-e5d6-3616-71b190b8fbda}.Debug|Any CPU.ActiveCfg = Debug|Any CPU
		{ed107ca2-e8b3-e5d6-3616-71b190b8fbda}.Debug|Any CPU.Build.0 = Debug|Any CPU
		{194c7ec9-05a4-bf15-c65e-dcaabe5e1bc4}.Debug|Any CPU.ActiveCfg = Debug|Any CPU
		{194c7ec9-05a4-bf15-c65e-dcaabe5e1bc4}.Debug|Any CPU.Build.0 = Debug|Any CPU
		{1181cd24-ddef-a5a4-f32b-10f24db1d2a0}.Debug|Any CPU.ActiveCfg = Debug|Any CPU
		{1181cd24-ddef-a5a4-f32b-10f24db1d2a0}.Debug|Any CPU.Build.0 = Debug|Any CPU
		{2af4b53a-be62-e56e-1784-5c33f16222d2}.Debug|Any CPU.ActiveCfg = Debug|Any CPU
		{2af4b53a-be62-e56e-1784-5c33f16222d2}.Debug|Any CPU.Build.0 = Debug|Any CPU
		{fd1f1a55-bd57-4e11-c0b6-cf868c1ff11b}.Debug|Any CPU.ActiveCfg = Debug|Any CPU
		{fd1f1a55-bd57-4e11-c0b6-cf868c1ff11b}.Debug|Any CPU.Build.0 = Debug|Any CPU
		{4152c7f9-f8bc-1d3a-dab8-61b10da45281}.Debug|Any CPU.ActiveCfg = Debug|Any CPU
		{4152c7f9-f8bc-1d3a-dab8-61b10da45281}.Debug|Any CPU.Build.0 = Debug|Any CPU
		{1a353d62-055d-894c-4668-461cbfe63fd4}.Debug|Any CPU.ActiveCfg = Debug|Any CPU
		{1a353d62-055d-894c-4668-461cbfe63fd4}.Debug|Any CPU.Build.0 = Debug|Any CPU
		{d567d43a-21e0-6c16-2392-434e8a646c69}.Debug|Any CPU.ActiveCfg = Debug|Any CPU
		{d567d43a-21e0-6c16-2392-434e8a646c69}.Debug|Any CPU.Build.0 = Debug|Any CPU
		{871bfdd5-8a7a-4414-37e5-983c87f5f2b6}.Debug|Any CPU.ActiveCfg = Debug|Any CPU
		{871bfdd5-8a7a-4414-37e5-983c87f5f2b6}.Debug|Any CPU.Build.0 = Debug|Any CPU
		{3803e614-257b-a9da-fc9c-9a1326dbd21d}.Debug|Any CPU.ActiveCfg = Debug|Any CPU
		{3803e614-257b-a9da-fc9c-9a1326dbd21d}.Debug|Any CPU.Build.0 = Debug|Any CPU
		{2c4dd167-2685-f089-a51f-bba572ac9e72}.Debug|Any CPU.ActiveCfg = Debug|Any CPU
		{2c4dd167-2685-f089-a51f-bba572ac9e72}.Debug|Any CPU.Build.0 = Debug|Any CPU
		{86056252-030d-1285-f61a-29d7565442ee}.Debug|Any CPU.ActiveCfg = Debug|Any CPU
		{86056252-030d-1285-f61a-29d7565442ee}.Debug|Any CPU.Build.0 = Debug|Any CPU
		{159ae6d6-dbc1-ac1e-9b05-1905175cb0a1}.Debug|Any CPU.ActiveCfg = Debug|Any CPU
		{159ae6d6-dbc1-ac1e-9b05-1905175cb0a1}.Debug|Any CPU.Build.0 = Debug|Any CPU
		{f3b1da7f-9eea-3a95-433a-036ac24ff11b}.Debug|Any CPU.ActiveCfg = Debug|Any CPU
		{f3b1da7f-9eea-3a95-433a-036ac24ff11b}.Debug|Any CPU.Build.0 = Debug|Any CPU
		{dd400394-bd00-32a8-5e7c-30eb002ff91c}.Debug|Any CPU.ActiveCfg = Debug|Any CPU
		{dd400394-bd00-32a8-5e7c-30eb002ff91c}.Debug|Any CPU.Build.0 = Debug|Any CPU
		{85c89c98-e178-2daf-8801-01aa8ceb982b}.Debug|Any CPU.ActiveCfg = Debug|Any CPU
		{85c89c98-e178-2daf-8801-01aa8ceb982b}.Debug|Any CPU.Build.0 = Debug|Any CPU
		{a606432a-11cb-a65a-da4f-2ef628873542}.Debug|Any CPU.ActiveCfg = Debug|Any CPU
		{a606432a-11cb-a65a-da4f-2ef628873542}.Debug|Any CPU.Build.0 = Debug|Any CPU
		{a54f0c82-d867-97c8-3fe0-7e9cb7794600}.Debug|Any CPU.ActiveCfg = Debug|Any CPU
		{a54f0c82-d867-97c8-3fe0-7e9cb7794600}.Debug|Any CPU.Build.0 = Debug|Any CPU
		{4691d308-11b6-cd1d-5389-55bb830ed269}.Debug|Any CPU.ActiveCfg = Debug|Any CPU
		{4691d308-11b6-cd1d-5389-55bb830ed269}.Debug|Any CPU.Build.0 = Debug|Any CPU
		{a8e12b38-5b42-3ae1-3b34-97ac73d65896}.Debug|Any CPU.ActiveCfg = Debug|Any CPU
		{a8e12b38-5b42-3ae1-3b34-97ac73d65896}.Debug|Any CPU.Build.0 = Debug|Any CPU
		{5b39b1f8-c99a-8b9f-539f-93fb35d1c42e}.Debug|Any CPU.ActiveCfg = Debug|Any CPU
		{5b39b1f8-c99a-8b9f-539f-93fb35d1c42e}.Debug|Any CPU.Build.0 = Debug|Any CPU
		{0bdb7718-4a6b-93d5-8c69-7c64818ee5a2}.Debug|Any CPU.ActiveCfg = Debug|Any CPU
		{0bdb7718-4a6b-93d5-8c69-7c64818ee5a2}.Debug|Any CPU.Build.0 = Debug|Any CPU
		{22db7b2e-3506-29f7-1ce5-d01742f0d88a}.Debug|Any CPU.ActiveCfg = Debug|Any CPU
		{22db7b2e-3506-29f7-1ce5-d01742f0d88a}.Debug|Any CPU.Build.0 = Debug|Any CPU
		{55ab0a1c-a91a-eeab-6c15-0870e1190245}.Debug|Any CPU.ActiveCfg = Debug|Any CPU
		{55ab0a1c-a91a-eeab-6c15-0870e1190245}.Debug|Any CPU.Build.0 = Debug|Any CPU
		{3d56001a-50e6-cff9-bc75-7f1b139ecf74}.Debug|Any CPU.ActiveCfg = Debug|Any CPU
		{3d56001a-50e6-cff9-bc75-7f1b139ecf74}.Debug|Any CPU.Build.0 = Debug|Any CPU
		{b3a9f4e2-4836-7bb3-722a-ead636f2ac14}.Debug|Any CPU.ActiveCfg = Debug|Any CPU
		{b3a9f4e2-4836-7bb3-722a-ead636f2ac14}.Debug|Any CPU.Build.0 = Debug|Any CPU
		{ec2a6c8a-f695-9640-0746-9face88ea69e}.Debug|Any CPU.ActiveCfg = Debug|Any CPU
		{ec2a6c8a-f695-9640-0746-9face88ea69e}.Debug|Any CPU.Build.0 = Debug|Any CPU
		{3890349e-f60e-cacb-2333-c914e91fcc5e}.Debug|Any CPU.ActiveCfg = Debug|Any CPU
		{3890349e-f60e-cacb-2333-c914e91fcc5e}.Debug|Any CPU.Build.0 = Debug|Any CPU
		{915a9873-72fa-3ea1-d7a4-4192813adf26}.Debug|Any CPU.ActiveCfg = Debug|Any CPU
		{915a9873-72fa-3ea1-d7a4-4192813adf26}.Debug|Any CPU.Build.0 = Debug|Any CPU
		{a0dfab7a-afa7-e24d-ca84-cc35374a35a9}.Debug|Any CPU.ActiveCfg = Debug|Any CPU
		{a0dfab7a-afa7-e24d-ca84-cc35374a35a9}.Debug|Any CPU.Build.0 = Debug|Any CPU
		{b4356833-597b-5314-08f3-6beec0e0b94f}.Debug|Any CPU.ActiveCfg = Debug|Any CPU
		{b4356833-597b-5314-08f3-6beec0e0b94f}.Debug|Any CPU.Build.0 = Debug|Any CPU
		{6f84c97b-d862-ca4a-8781-35254be6f0dd}.Debug|Any CPU.ActiveCfg = Debug|Any CPU
		{6f84c97b-d862-ca4a-8781-35254be6f0dd}.Debug|Any CPU.Build.0 = Debug|Any CPU
		{72139f3c-61c5-95e0-4176-d382363daff2}.Debug|Any CPU.ActiveCfg = Debug|Any CPU
		{72139f3c-61c5-95e0-4176-d382363daff2}.Debug|Any CPU.Build.0 = Debug|Any CPU
		{b8c91142-c219-2ea0-00f0-95ae1fe3dac9}.Debug|Any CPU.ActiveCfg = Debug|Any CPU
		{b8c91142-c219-2ea0-00f0-95ae1fe3dac9}.Debug|Any CPU.Build.0 = Debug|Any CPU
	EndGlobalSection
	GlobalSection(SolutionProperties) = preSolution
		HideSolutionNode = FALSE
	EndGlobalSection
EndGlobal
